
Microsoft Visual Studio Solution File, Format Version 11.00
# Visual Studio 2010
Project("{FAE04EC0-301F-11D3-BF4B-00C04F79EFBC}") = "Assembly-CSharp", "Assembly-CSharp.csproj", "{14661A41-4F98-8E17-5294-F33EA1AE368D}"
EndProject
Project("{FAE04EC0-301F-11D3-BF4B-00C04F79EFBC}") = "Assembly-CSharp-Editor", "Assembly-CSharp-Editor.csproj", "{52C3EA3F-5FFD-B612-354F-C834D0174931}"
EndProject
Global
	GlobalSection(SolutionConfigurationPlatforms) = preSolution
		Debug|Any CPU = Debug|Any CPU
		Release|Any CPU = Release|Any CPU
	EndGlobalSection
	GlobalSection(ProjectConfigurationPlatforms) = postSolution
		{14661A41-4F98-8E17-5294-F33EA1AE368D}.Debug|Any CPU.ActiveCfg = Debug|Any CPU
		{14661A41-4F98-8E17-5294-F33EA1AE368D}.Debug|Any CPU.Build.0 = Debug|Any CPU
		{14661A41-4F98-8E17-5294-F33EA1AE368D}.Release|Any CPU.ActiveCfg = Release|Any CPU
		{14661A41-4F98-8E17-5294-F33EA1AE368D}.Release|Any CPU.Build.0 = Release|Any CPU
		{52C3EA3F-5FFD-B612-354F-C834D0174931}.Debug|Any CPU.ActiveCfg = Debug|Any CPU
		{52C3EA3F-5FFD-B612-354F-C834D0174931}.Debug|Any CPU.Build.0 = Debug|Any CPU
		{52C3EA3F-5FFD-B612-354F-C834D0174931}.Release|Any CPU.ActiveCfg = Release|Any CPU
		{52C3EA3F-5FFD-B612-354F-C834D0174931}.Release|Any CPU.Build.0 = Release|Any CPU
	EndGlobalSection
	GlobalSection(SolutionProperties) = preSolution
		HideSolutionNode = FALSE
	EndGlobalSection
	GlobalSection(MonoDevelopProperties) = preSolution
		StartupItem = Assembly-CSharp.csproj
	EndGlobalSection
EndGlobal
